
Microsoft Visual Studio Solution File, Format Version 12.00
# Visual Studio Version 17
VisualStudioVersion = 17.11.35222.181
MinimumVisualStudioVersion = 10.0.40219.1
Project("{9A19103F-16F7-4668-BE54-9A1E7A4F7556}") = "spaceinvaders", "spaceinvaders.csproj", "{FDEFAC3F-CDA4-47F3-B1A5-9B487643BE8A}"
EndProject
Global
	GlobalSection(SolutionConfigurationPlatforms) = preSolution
		Debug|Any CPU = Debug|Any CPU
		Release|Any CPU = Release|Any CPU
	EndGlobalSection
	GlobalSection(ProjectConfigurationPlatforms) = postSolution
		{FDEFAC3F-CDA4-47F3-B1A5-9B487643BE8A}.Debug|Any CPU.ActiveCfg = Debug|Any CPU
		{FDEFAC3F-CDA4-47F3-B1A5-9B487643BE8A}.Debug|Any CPU.Build.0 = Debug|Any CPU
		{FDEFAC3F-CDA4-47F3-B1A5-9B487643BE8A}.Release|Any CPU.ActiveCfg = Release|Any CPU
		{FDEFAC3F-CDA4-47F3-B1A5-9B487643BE8A}.Release|Any CPU.Build.0 = Release|Any CPU
	EndGlobalSection
	GlobalSection(SolutionProperties) = preSolution
		HideSolutionNode = FALSE
	EndGlobalSection
	GlobalSection(ExtensibilityGlobals) = postSolution
		SolutionGuid = {5F9A027A-2790-4006-A38B-48779804A69D}
	EndGlobalSection
EndGlobal
